
Microsoft Visual Studio Solution File, Format Version 12.00
# Visual Studio Version 16
VisualStudioVersion = 16.0.31025.194
MinimumVisualStudioVersion = 10.0.40219.1
Project("{FAE04EC0-301F-11D3-BF4B-00C04F79EFBC}") = "Entities", "Entities\Entities.csproj", "{AB4D9FD9-08C6-4104-9DE9-473BCED76155}"
EndProject
Project("{FAE04EC0-301F-11D3-BF4B-00C04F79EFBC}") = "DataAccess", "DataAccess\DataAccess.csproj", "{5B474FD5-161A-479B-9871-4ABEBE3F9914}"
EndProject
Project("{FAE04EC0-301F-11D3-BF4B-00C04F79EFBC}") = "Business", "Business\Business.csproj", "{172F5CE2-98D8-4C0B-A5E4-883CD92354A7}"
EndProject
Project("{FAE04EC0-301F-11D3-BF4B-00C04F79EFBC}") = "ConsoleUI", "ConsoleUI\ConsoleUI.csproj", "{49ED0325-55D7-4E70-921F-5C0304F7FE63}"
EndProject
Global
	GlobalSection(SolutionConfigurationPlatforms) = preSolution
		Debug|Any CPU = Debug|Any CPU
		Release|Any CPU = Release|Any CPU
	EndGlobalSection
	GlobalSection(ProjectConfigurationPlatforms) = postSolution
		{AB4D9FD9-08C6-4104-9DE9-473BCED76155}.Debug|Any CPU.ActiveCfg = Debug|Any CPU
		{AB4D9FD9-08C6-4104-9DE9-473BCED76155}.Debug|Any CPU.Build.0 = Debug|Any CPU
		{AB4D9FD9-08C6-4104-9DE9-473BCED76155}.Release|Any CPU.ActiveCfg = Release|Any CPU
		{AB4D9FD9-08C6-4104-9DE9-473BCED76155}.Release|Any CPU.Build.0 = Release|Any CPU
		{5B474FD5-161A-479B-9871-4ABEBE3F9914}.Debug|Any CPU.ActiveCfg = Debug|Any CPU
		{5B474FD5-161A-479B-9871-4ABEBE3F9914}.Debug|Any CPU.Build.0 = Debug|Any CPU
		{5B474FD5-161A-479B-9871-4ABEBE3F9914}.Release|Any CPU.ActiveCfg = Release|Any CPU
		{5B474FD5-161A-479B-9871-4ABEBE3F9914}.Release|Any CPU.Build.0 = Release|Any CPU
		{172F5CE2-98D8-4C0B-A5E4-883CD92354A7}.Debug|Any CPU.ActiveCfg = Debug|Any CPU
		{172F5CE2-98D8-4C0B-A5E4-883CD92354A7}.Debug|Any CPU.Build.0 = Debug|Any CPU
		{172F5CE2-98D8-4C0B-A5E4-883CD92354A7}.Release|Any CPU.ActiveCfg = Release|Any CPU
		{172F5CE2-98D8-4C0B-A5E4-883CD92354A7}.Release|Any CPU.Build.0 = Release|Any CPU
		{49ED0325-55D7-4E70-921F-5C0304F7FE63}.Debug|Any CPU.ActiveCfg = Debug|Any CPU
		{49ED0325-55D7-4E70-921F-5C0304F7FE63}.Debug|Any CPU.Build.0 = Debug|Any CPU
		{49ED0325-55D7-4E70-921F-5C0304F7FE63}.Release|Any CPU.ActiveCfg = Release|Any CPU
		{49ED0325-55D7-4E70-921F-5C0304F7FE63}.Release|Any CPU.Build.0 = Release|Any CPU
	EndGlobalSection
	GlobalSection(SolutionProperties) = preSolution
		HideSolutionNode = FALSE
	EndGlobalSection
	GlobalSection(ExtensibilityGlobals) = postSolution
		SolutionGuid = {76FBFD67-6D18-4B67-857E-F00773053210}
	EndGlobalSection
EndGlobal
